PODS:
  - Backendless-ios-SDK (3.0.44)
  - BubbleTransition (1.0.3)
  - EXTView (0.1.0)
  - IQKeyboardManagerSwift (4.0.7)
  - JSSAlertView (3.0.1)
  - SDWebImage (3.7.6):
    - SDWebImage/Core (= 3.7.6)
  - SDWebImage/Core (3.7.6)

DEPENDENCIES:
  - Backendless-ios-SDK
  - BubbleTransition (~> 1.0.0)
  - EXTView
  - IQKeyboardManagerSwift
  - JSSAlertView
  - SDWebImage (~> 3.7.5)

SPEC CHECKSUMS:
  Backendless-ios-SDK: 4f7bec980154a9371ad9ba7edbf53e02b33a76e3
  BubbleTransition: a7ae6678721406d60f604cbbea1ace505563119d
  EXTView: db5ded8520d2023cadb1b9225fb1ad9406064f04
  IQKeyboardManagerSwift: 58bbcf46b5cf9fd4ed625d28a60cb2fbae4ab0f4
  JSSAlertView: 46205f830e474c05ae1b568c36eb4f3d1d51555e
  SDWebImage: c325cf02c30337336b95beff20a13df489ec0ec9

PODFILE CHECKSUM: f65f7ba1f41826595dcf6646dc0ce97cf21ec558

COCOAPODS: 1.2.0.beta.1
